{
    "version": 3,
    "terraform_version": "0.11.1",
    "serial": 1,
    "lineage": "b536ba7d-21a2-44d8-8569-13ea314cf5ea",
    "modules": [
        {
            "path": [
                "root"
            ],
            "outputs": {
                "instance": {
                    "sensitive": false,
                    "type": "string",
                    "value": "54.221.47.188"
                }
            },
            "resources": {
                "aws_instance.example": {
                    "type": "aws_instance",
                    "depends_on": [
                        "aws_key_pair.mykey"
                    ],
                    "primary": {
                        "id": "i-04ff42b5d51a14929",
                        "attributes": {
                            "ami": "ami-ef151d90",
                            "associate_public_ip_address": "true",
                            "availability_zone": "us-east-1a",
                            "cpu_core_count": "1",
                            "cpu_threads_per_core": "1",
                            "credit_specification.#": "1",
                            "credit_specification.0.cpu_credits": "standard",
                            "disable_api_termination": "false",
                            "ebs_block_device.#": "0",
                            "ebs_optimized": "false",
                            "ephemeral_block_device.#": "0",
                            "get_password_data": "false",
                            "iam_instance_profile": "",
                            "id": "i-04ff42b5d51a14929",
                            "instance_state": "running",
                            "instance_type": "t2.micro",
                            "ipv6_addresses.#": "0",
                            "key_name": "mykey",
                            "monitoring": "false",
                            "network_interface.#": "0",
                            "network_interface_id": "eni-022d0f71ae67961cb",
                            "password_data": "",
                            "placement_group": "",
                            "primary_network_interface_id": "eni-022d0f71ae67961cb",
                            "private_dns": "ip-172-31-90-23.ec2.internal",
                            "private_ip": "172.31.90.23",
                            "public_dns": "ec2-54-221-47-188.compute-1.amazonaws.com",
                            "public_ip": "54.221.47.188",
                            "root_block_device.#": "1",
                            "root_block_device.0.delete_on_termination": "true",
                            "root_block_device.0.iops": "100",
                            "root_block_device.0.volume_id": "vol-05f27518bb618d70c",
                            "root_block_device.0.volume_size": "8",
                            "root_block_device.0.volume_type": "gp2",
                            "security_groups.#": "1",
                            "security_groups.3814588639": "default",
                            "source_dest_check": "true",
                            "subnet_id": "subnet-e488d0cb",
                            "tags.%": "1",
                            "tags.Name": "example0",
                            "tenancy": "default",
                            "volume_tags.%": "0",
                            "vpc_security_group_ids.#": "1",
                            "vpc_security_group_ids.222264357": "sg-4f13e339"
                        },
                        "meta": {
                            "e2bfb730-ecaa-11e6-8f88-34363bc7c4c0": {
                                "create": 600000000000,
                                "delete": 1200000000000,
                                "update": 600000000000
                            },
                            "schema_version": "1"
                        },
                        "tainted": false
                    },
                    "deposed": [],
                    "provider": "provider.aws"
                },
                "aws_key_pair.mykey": {
                    "type": "aws_key_pair",
                    "depends_on": [],
                    "primary": {
                        "id": "mykey",
                        "attributes": {
                            "id": "mykey",
                            "key_name": "mykey",
                            "public_key": "ssh-rsa AAAAB3NzaC1yc2EAAAADAQABAAABAQDaFk2c6Bm9e5F0CRik96nOWRfVaKY9sAP35Yi1FQ0O2m6enfwU517lR4DsdV06Zd+SbYQvJ22u6r0C12OlBwTMlxsRGXSNEGOlbw6xr3xDqQWgMwpxBrO+WBbmnfoNvrk1V/abre9ZE6AXPgK0LwSQJfMsIkvyEYpTW7I4hT0vDsBv0PWSHBmlRcQuHH3TrH7Lu7/lu9UerNIIlANifLKL4GP4vSA+x+2OAS/ZR8kOXUwk+2AZVSNKvOOTpPxVG1k1W81kJPksAE0Sd3WFkHYPB/q3eFqoSRPlzBSSSIzL3D61TBPu0F8yXm55wGVICS+zwxZW9Hksa2eG8uhP73ZH ubuntu@ip-172-31-91-86"
                        },
                        "meta": {
                            "schema_version": "1"
                        },
                        "tainted": false
                    },
                    "deposed": [],
                    "provider": "provider.aws"
                }
            },
            "depends_on": []
        }
    ]
}
